PODS:
  - AutoLayout-SnapKit (1.0.0):
    - SnapKit (~> 5.6.0)
  - SnapKit (5.6.0)

DEPENDENCIES:
  - AutoLayout-SnapKit (from `../`)

SPEC REPOS:
  trunk:
    - SnapKit

EXTERNAL SOURCES:
  AutoLayout-SnapKit:
    :path: "../"

SPEC CHECKSUMS:
  AutoLayout-SnapKit: 64be8b3ad301707c8e4b972182712a3114b9a0d8
  SnapKit: e01d52ebb8ddbc333eefe2132acf85c8227d9c25

PODFILE CHECKSUM: 8a6491fa108820849a2ed4c5016a47af8387f757

COCOAPODS: 1.13.0
